{
  "version": "1.0",
  "timestamp": "2026-04-14T03:08:25.967732+00:00",
  "memories": [
    {
      "id": "mirror_habit_02961ff2d5d57c14bc5d475a11ac",
      "document": "Scanner: project uses Streamlit (v1.28.0)",
      "metadata": {
        "strength": 4,
        "source_type": "EXTRACTED",
        "confidence": 1.0,
        "created_at": 1776136105.8556428,
        "category": "habit",
        "source": "scanner",
        "scanned": true,
        "timestamp": 1776136105.8556428,
        "access_count": 0,
        "last_accessed_at": 1776136105.8556428,
        "mirror_layer": "scanner",
        "mirror_key": "fw:Streamlit",
        "version": "1.28.0",
        "raw_character_count": 0
      }
    }
  ],
  "graph": [
    {
      "source": "Project",
      "predicate": "uses_framework",
      "target": "Streamlit (v1.28.0)",
      "weight": 4.0
    }
  ]
}
